
Microsoft Visual Studio Solution File, Format Version 12.00
# Visual Studio Version 16
VisualStudioVersion = 16.0.31515.178
MinimumVisualStudioVersion = 10.0.40219.1
Project("{FAE04EC0-301F-11D3-BF4B-00C04F79EFBC}") = "UserRegistrationLambdaExpressions", "UserRegistrationLambdaExpressions\UserRegistrationLambdaExpressions.csproj", "{7BC45D52-1EEE-4551-9AE4-EC2AE7898EC7}"
EndProject
Project("{FAE04EC0-301F-11D3-BF4B-00C04F79EFBC}") = "LambdaExpressionMSTest", "LambdaExpressionMSTest\LambdaExpressionMSTest.csproj", "{F1C42AEB-D8B6-4BB7-A937-A2C4AB1214B0}"
EndProject
Global
	GlobalSection(SolutionConfigurationPlatforms) = preSolution
		Debug|Any CPU = Debug|Any CPU
		Release|Any CPU = Release|Any CPU
	EndGlobalSection
	GlobalSection(ProjectConfigurationPlatforms) = postSolution
		{7BC45D52-1EEE-4551-9AE4-EC2AE7898EC7}.Debug|Any CPU.ActiveCfg = Debug|Any CPU
		{7BC45D52-1EEE-4551-9AE4-EC2AE7898EC7}.Debug|Any CPU.Build.0 = Debug|Any CPU
		{7BC45D52-1EEE-4551-9AE4-EC2AE7898EC7}.Release|Any CPU.ActiveCfg = Release|Any CPU
		{7BC45D52-1EEE-4551-9AE4-EC2AE7898EC7}.Release|Any CPU.Build.0 = Release|Any CPU
		{F1C42AEB-D8B6-4BB7-A937-A2C4AB1214B0}.Debug|Any CPU.ActiveCfg = Debug|Any CPU
		{F1C42AEB-D8B6-4BB7-A937-A2C4AB1214B0}.Debug|Any CPU.Build.0 = Debug|Any CPU
		{F1C42AEB-D8B6-4BB7-A937-A2C4AB1214B0}.Release|Any CPU.ActiveCfg = Release|Any CPU
		{F1C42AEB-D8B6-4BB7-A937-A2C4AB1214B0}.Release|Any CPU.Build.0 = Release|Any CPU
	EndGlobalSection
	GlobalSection(SolutionProperties) = preSolution
		HideSolutionNode = FALSE
	EndGlobalSection
	GlobalSection(ExtensibilityGlobals) = postSolution
		SolutionGuid = {C6CA79A9-6880-4AB5-86DF-D66FDD99869F}
	EndGlobalSection
EndGlobal
